// !$*UTF8*$!
{
	archiveVersion = 1;
	classes = {
	};
	objectVersion = 56;
	objects = {

/* Begin PBXBuildFile section */
		001AB93A2A10D9910056A9CE /* demo.c in Sources */ = {isa = PBXBuildFile; fileRef = 001AB9392A10D9910056A9CE /* demo.c */; };
		001AB93C2A10DA640056A9CE /* Prog1.cpp in Sources */ = {isa = PBXBuildFile; fileRef = 001AB93B2A10DA640056A9CE /* Prog1.cpp */; };
		001AB93E2A10DE360056A9CE /* Prog2.cpp in Sources */ = {isa = PBXBuildFile; fileRef = 001AB93D2A10DE360056A9CE /* Prog2.cpp */; };
		001AB9402A10DF1C0056A9CE /* Prog3.cpp in Sources */ = {isa = PBXBuildFile; fileRef = 001AB93F2A10DF1C0056A9CE /* Prog3.cpp */; };
		001AB9422A10DFD80056A9CE /* Prog4.cpp in Sources */ = {isa = PBXBuildFile; fileRef = 001AB9412A10DFD80056A9CE /* Prog4.cpp */; };
		001AB9452A10E1900056A9CE /* Prog5.cpp in Sources */ = {isa = PBXBuildFile; fileRef = 001AB9442A10E1900056A9CE /* Prog5.cpp */; };
/* End PBXBuildFile section */

/* Begin PBXCopyFilesBuildPhase section */
		001AB9212A10D7FF0056A9CE /* CopyFiles */ = {
			isa = PBXCopyFilesBuildPhase;
			buildActionMask = 2147483647;
			dstPath = /usr/share/man/man1/;
			dstSubfolderSpec = 0;
			files = (
			);
			runOnlyForDeploymentPostprocessing = 1;
		};
/* End PBXCopyFilesBuildPhase section */

/* Begin PBXFileReference section */
		001AB9232A10D7FF0056A9CE /* HPC */ = {isa = PBXFileReference; explicitFileType = "compiled.mach-o.executable"; includeInIndex = 0; path = HPC; sourceTree = BUILT_PRODUCTS_DIR; };
		001AB92F2A10D8850056A9CE /* INSTALL_RECEIPT.json */ = {isa = PBXFileReference; lastKnownFileType = text.json; path = INSTALL_RECEIPT.json; sourceTree = "<group>"; };
		001AB9312A10D8850056A9CE /* libomp.rb */ = {isa = PBXFileReference; lastKnownFileType = text.script.ruby; path = libomp.rb; sourceTree = "<group>"; };
		001AB9332A10D8850056A9CE /* ompt.h */ = {isa = PBXFileReference; lastKnownFileType = sourcecode.c.h; path = ompt.h; sourceTree = "<group>"; };
		001AB9342A10D8850056A9CE /* omp.h */ = {isa = PBXFileReference; lastKnownFileType = sourcecode.c.h; path = omp.h; sourceTree = "<group>"; };
		001AB9352A10D8850056A9CE /* omp-tools.h */ = {isa = PBXFileReference; lastKnownFileType = sourcecode.c.h; path = "omp-tools.h"; sourceTree = "<group>"; };
		001AB9372A10D8850056A9CE /* libomp.dylib */ = {isa = PBXFileReference; lastKnownFileType = "compiled.mach-o.dylib"; path = libomp.dylib; sourceTree = "<group>"; };
		001AB9382A10D8850056A9CE /* libomp.a */ = {isa = PBXFileReference; lastKnownFileType = archive.ar; path = libomp.a; sourceTree = "<group>"; };
		001AB9392A10D9910056A9CE /* demo.c */ = {isa = PBXFileReference; lastKnownFileType = sourcecode.c.c; path = demo.c; sourceTree = "<group>"; };
		001AB93B2A10DA640056A9CE /* Prog1.cpp */ = {isa = PBXFileReference; lastKnownFileType = sourcecode.cpp.cpp; path = Prog1.cpp; sourceTree = "<group>"; };
		001AB93D2A10DE360056A9CE /* Prog2.cpp */ = {isa = PBXFileReference; lastKnownFileType = sourcecode.cpp.cpp; path = Prog2.cpp; sourceTree = "<group>"; };
		001AB93F2A10DF1C0056A9CE /* Prog3.cpp */ = {isa = PBXFileReference; lastKnownFileType = sourcecode.cpp.cpp; path = Prog3.cpp; sourceTree = "<group>"; };
		001AB9412A10DFD80056A9CE /* Prog4.cpp */ = {isa = PBXFileReference; lastKnownFileType = sourcecode.cpp.cpp; path = Prog4.cpp; sourceTree = "<group>"; };
		001AB9432A10E0C20056A9CE /* run.sh */ = {isa = PBXFileReference; lastKnownFileType = text.script.sh; path = run.sh; sourceTree = "<group>"; };
		001AB9442A10E1900056A9CE /* Prog5.cpp */ = {isa = PBXFileReference; lastKnownFileType = sourcecode.cpp.cpp; path = Prog5.cpp; sourceTree = "<group>"; };
		00E355E72A210AD500B4976A /* DL 1.ipynb */ = {isa = PBXFileReference; fileEncoding = 4; lastKnownFileType = text; path = "DL 1.ipynb"; sourceTree = "<group>"; };
		00E355E82A210ADB00B4976A /* DL 2(B. movie).ipynb */ = {isa = PBXFileReference; fileEncoding = 4; lastKnownFileType = text; path = "DL 2(B. movie).ipynb"; sourceTree = "<group>"; };
		00E355E92A210AE200B4976A /* DL 3 Fashion.ipynb */ = {isa = PBXFileReference; fileEncoding = 4; lastKnownFileType = text; path = "DL 3 Fashion.ipynb"; sourceTree = "<group>"; };
/* End PBXFileReference section */

/* Begin PBXFrameworksBuildPhase section */
		001AB9202A10D7FF0056A9CE /* Frameworks */ = {
			isa = PBXFrameworksBuildPhase;
			buildActionMask = 2147483647;
			files = (
			);
			runOnlyForDeploymentPostprocessing = 0;
		};
/* End PBXFrameworksBuildPhase section */

/* Begin PBXGroup section */
		001AB91A2A10D7FF0056A9CE = {
			isa = PBXGroup;
			children = (
				001AB9252A10D7FF0056A9CE /* HPC */,
				001AB9242A10D7FF0056A9CE /* Products */,
				001AB92D2A10D8850056A9CE /* Frameworks */,
			);
			sourceTree = "<group>";
		};
		001AB9242A10D7FF0056A9CE /* Products */ = {
			isa = PBXGroup;
			children = (
				001AB9232A10D7FF0056A9CE /* HPC */,
			);
			name = Products;
			sourceTree = "<group>";
		};
		001AB9252A10D7FF0056A9CE /* HPC */ = {
			isa = PBXGroup;
			children = (
				00E355E62A210AB700B4976A /* Dl */,
				001AB93B2A10DA640056A9CE /* Prog1.cpp */,
				001AB9392A10D9910056A9CE /* demo.c */,
				001AB93D2A10DE360056A9CE /* Prog2.cpp */,
				001AB93F2A10DF1C0056A9CE /* Prog3.cpp */,
				001AB9412A10DFD80056A9CE /* Prog4.cpp */,
				001AB9442A10E1900056A9CE /* Prog5.cpp */,
				001AB9432A10E0C20056A9CE /* run.sh */,
			);
			path = HPC;
			sourceTree = "<group>";
		};
		001AB92D2A10D8850056A9CE /* Frameworks */ = {
			isa = PBXGroup;
			children = (
				001AB92E2A10D8850056A9CE /* 16.0.3 */,
			);
			name = Frameworks;
			sourceTree = "<group>";
		};
		001AB92E2A10D8850056A9CE /* 16.0.3 */ = {
			isa = PBXGroup;
			children = (
				001AB92F2A10D8850056A9CE /* INSTALL_RECEIPT.json */,
				001AB9302A10D8850056A9CE /* .brew */,
				001AB9322A10D8850056A9CE /* include */,
				001AB9362A10D8850056A9CE /* lib */,
			);
			name = 16.0.3;
			path = ../../../../../opt/homebrew/Cellar/libomp/16.0.3;
			sourceTree = "<group>";
		};
		001AB9302A10D8850056A9CE /* .brew */ = {
			isa = PBXGroup;
			children = (
				001AB9312A10D8850056A9CE /* libomp.rb */,
			);
			path = .brew;
			sourceTree = "<group>";
		};
		001AB9322A10D8850056A9CE /* include */ = {
			isa = PBXGroup;
			children = (
				001AB9332A10D8850056A9CE /* ompt.h */,
				001AB9342A10D8850056A9CE /* omp.h */,
				001AB9352A10D8850056A9CE /* omp-tools.h */,
			);
			path = include;
			sourceTree = "<group>";
		};
		001AB9362A10D8850056A9CE /* lib */ = {
			isa = PBXGroup;
			children = (
				001AB9372A10D8850056A9CE /* libomp.dylib */,
				001AB9382A10D8850056A9CE /* libomp.a */,
			);
			path = lib;
			sourceTree = "<group>";
		};
		00E355E62A210AB700B4976A /* Dl */ = {
			isa = PBXGroup;
			children = (
				00E355E92A210AE200B4976A /* DL 3 Fashion.ipynb */,
				00E355E82A210ADB00B4976A /* DL 2(B. movie).ipynb */,
				00E355E72A210AD500B4976A /* DL 1.ipynb */,
			);
			path = Dl;
			sourceTree = "<group>";
		};
/* End PBXGroup section */

/* Begin PBXNativeTarget section */
		001AB9222A10D7FF0056A9CE /* HPC */ = {
			isa = PBXNativeTarget;
			buildConfigurationList = 001AB92A2A10D7FF0056A9CE /* Build configuration list for PBXNativeTarget "HPC" */;
			buildPhases = (
				001AB91F2A10D7FF0056A9CE /* Sources */,
				001AB9202A10D7FF0056A9CE /* Frameworks */,
				001AB9212A10D7FF0056A9CE /* CopyFiles */,
			);
			buildRules = (
			);
			dependencies = (
			);
			name = HPC;
			productName = HPC;
			productReference = 001AB9232A10D7FF0056A9CE /* HPC */;
			productType = "com.apple.product-type.tool";
		};
/* End PBXNativeTarget section */

/* Begin PBXProject section */
		001AB91B2A10D7FF0056A9CE /* Project object */ = {
			isa = PBXProject;
			attributes = {
				BuildIndependentTargetsInParallel = 1;
				LastUpgradeCheck = 1430;
				TargetAttributes = {
					001AB9222A10D7FF0056A9CE = {
						CreatedOnToolsVersion = 14.3;
					};
				};
			};
			buildConfigurationList = 001AB91E2A10D7FF0056A9CE /* Build configuration list for PBXProject "HPC" */;
			compatibilityVersion = "Xcode 14.0";
			developmentRegion = en;
			hasScannedForEncodings = 0;
			knownRegions = (
				en,
				Base,
			);
			mainGroup = 001AB91A2A10D7FF0056A9CE;
			productRefGroup = 001AB9242A10D7FF0056A9CE /* Products */;
			projectDirPath = "";
			projectRoot = "";
			targets = (
				001AB9222A10D7FF0056A9CE /* HPC */,
			);
		};
/* End PBXProject section */

/* Begin PBXSourcesBuildPhase section */
		001AB91F2A10D7FF0056A9CE /* Sources */ = {
			isa = PBXSourcesBuildPhase;
			buildActionMask = 2147483647;
			files = (
				001AB9422A10DFD80056A9CE /* Prog4.cpp in Sources */,
				001AB93E2A10DE360056A9CE /* Prog2.cpp in Sources */,
				001AB9402A10DF1C0056A9CE /* Prog3.cpp in Sources */,
				001AB9452A10E1900056A9CE /* Prog5.cpp in Sources */,
				001AB93A2A10D9910056A9CE /* demo.c in Sources */,
				001AB93C2A10DA640056A9CE /* Prog1.cpp in Sources */,
			);
			runOnlyForDeploymentPostprocessing = 0;
		};
/* End PBXSourcesBuildPhase section */

/* Begin XCBuildConfiguration section */
		001AB9282A10D7FF0056A9CE /* Debug */ = {
			isa = XCBuildConfiguration;
			buildSettings = {
				ALWAYS_SEARCH_USER_PATHS = NO;
				CLANG_ANALYZER_NONNULL = YES;
				CLANG_ANALYZER_NUMBER_OBJECT_CONVERSION = YES_AGGRESSIVE;
				CLANG_CXX_LANGUAGE_STANDARD = "gnu++20";
				CLANG_ENABLE_MODULES = YES;
				CLANG_ENABLE_OBJC_ARC = YES;
				CLANG_ENABLE_OBJC_WEAK = YES;
				CLANG_WARN_BLOCK_CAPTURE_AUTORELEASING = YES;
				CLANG_WARN_BOOL_CONVERSION = YES;
				CLANG_WARN_COMMA = YES;
				CLANG_WARN_CONSTANT_CONVERSION = YES;
				CLANG_WARN_DEPRECATED_OBJC_IMPLEMENTATIONS = YES;
				CLANG_WARN_DIRECT_OBJC_ISA_USAGE = YES_ERROR;
				CLANG_WARN_DOCUMENTATION_COMMENTS = YES;
				CLANG_WARN_EMPTY_BODY = YES;
				CLANG_WARN_ENUM_CONVERSION = YES;
				CLANG_WARN_INFINITE_RECURSION = YES;
				CLANG_WARN_INT_CONVERSION = YES;
				CLANG_WARN_NON_LITERAL_NULL_CONVERSION = YES;
				CLANG_WARN_OBJC_IMPLICIT_RETAIN_SELF = YES;
				CLANG_WARN_OBJC_LITERAL_CONVERSION = YES;
				CLANG_WARN_OBJC_ROOT_CLASS = YES_ERROR;
				CLANG_WARN_QUOTED_INCLUDE_IN_FRAMEWORK_HEADER = YES;
				CLANG_WARN_RANGE_LOOP_ANALYSIS = YES;
				CLANG_WARN_STRICT_PROTOTYPES = YES;
				CLANG_WARN_SUSPICIOUS_MOVE = YES;
				CLANG_WARN_UNGUARDED_AVAILABILITY = YES_AGGRESSIVE;
				CLANG_WARN_UNREACHABLE_CODE = YES;
				CLANG_WARN__DUPLICATE_METHOD_MATCH = YES;
				COPY_PHASE_STRIP = NO;
				DEBUG_INFORMATION_FORMAT = dwarf;
				ENABLE_STRICT_OBJC_MSGSEND = YES;
				ENABLE_TESTABILITY = YES;
				GCC_C_LANGUAGE_STANDARD = gnu11;
				GCC_DYNAMIC_NO_PIC = NO;
				GCC_NO_COMMON_BLOCKS = YES;
				GCC_OPTIMIZATION_LEVEL = 0;
				GCC_PREPROCESSOR_DEFINITIONS = (
					"DEBUG=1",
					"$(inherited)",
				);
				GCC_WARN_64_TO_32_BIT_CONVERSION = YES;
				GCC_WARN_ABOUT_RETURN_TYPE = YES_ERROR;
				GCC_WARN_UNDECLARED_SELECTOR = YES;
				GCC_WARN_UNINITIALIZED_AUTOS = YES_AGGRESSIVE;
				GCC_WARN_UNUSED_FUNCTION = YES;
				GCC_WARN_UNUSED_VARIABLE = YES;
				MACOSX_DEPLOYMENT_TARGET = 13.3;
				MTL_ENABLE_DEBUG_INFO = INCLUDE_SOURCE;
				MTL_FAST_MATH = YES;
				ONLY_ACTIVE_ARCH = YES;
				SDKROOT = macosx;
			};
			name = Debug;
		};
		001AB9292A10D7FF0056A9CE /* Release */ = {
			isa = XCBuildConfiguration;
			buildSettings = {
				ALWAYS_SEARCH_USER_PATHS = NO;
				CLANG_ANALYZER_NONNULL = YES;
				CLANG_ANALYZER_NUMBER_OBJECT_CONVERSION = YES_AGGRESSIVE;
				CLANG_CXX_LANGUAGE_STANDARD = "gnu++20";
				CLANG_ENABLE_MODULES = YES;
				CLANG_ENABLE_OBJC_ARC = YES;
				CLANG_ENABLE_OBJC_WEAK = YES;
				CLANG_WARN_BLOCK_CAPTURE_AUTORELEASING = YES;
				CLANG_WARN_BOOL_CONVERSION = YES;
				CLANG_WARN_COMMA = YES;
				CLANG_WARN_CONSTANT_CONVERSION = YES;
				CLANG_WARN_DEPRECATED_OBJC_IMPLEMENTATIONS = YES;
				CLANG_WARN_DIRECT_OBJC_ISA_USAGE = YES_ERROR;
				CLANG_WARN_DOCUMENTATION_COMMENTS = YES;
				CLANG_WARN_EMPTY_BODY = YES;
				CLANG_WARN_ENUM_CONVERSION = YES;
				CLANG_WARN_INFINITE_RECURSION = YES;
				CLANG_WARN_INT_CONVERSION = YES;
				CLANG_WARN_NON_LITERAL_NULL_CONVERSION = YES;
				CLANG_WARN_OBJC_IMPLICIT_RETAIN_SELF = YES;
				CLANG_WARN_OBJC_LITERAL_CONVERSION = YES;
				CLANG_WARN_OBJC_ROOT_CLASS = YES_ERROR;
				CLANG_WARN_QUOTED_INCLUDE_IN_FRAMEWORK_HEADER = YES;
				CLANG_WARN_RANGE_LOOP_ANALYSIS = YES;
				CLANG_WARN_STRICT_PROTOTYPES = YES;
				CLANG_WARN_SUSPICIOUS_MOVE = YES;
				CLANG_WARN_UNGUARDED_AVAILABILITY = YES_AGGRESSIVE;
				CLANG_WARN_UNREACHABLE_CODE = YES;
				CLANG_WARN__DUPLICATE_METHOD_MATCH = YES;
				COPY_PHASE_STRIP = NO;
				DEBUG_INFORMATION_FORMAT = "dwarf-with-dsym";
				ENABLE_NS_ASSERTIONS = NO;
				ENABLE_STRICT_OBJC_MSGSEND = YES;
				GCC_C_LANGUAGE_STANDARD = gnu11;
				GCC_NO_COMMON_BLOCKS = YES;
				GCC_WARN_64_TO_32_BIT_CONVERSION = YES;
				GCC_WARN_ABOUT_RETURN_TYPE = YES_ERROR;
				GCC_WARN_UNDECLARED_SELECTOR = YES;
				GCC_WARN_UNINITIALIZED_AUTOS = YES_AGGRESSIVE;
				GCC_WARN_UNUSED_FUNCTION = YES;
				GCC_WARN_UNUSED_VARIABLE = YES;
				MACOSX_DEPLOYMENT_TARGET = 13.3;
				MTL_ENABLE_DEBUG_INFO = NO;
				MTL_FAST_MATH = YES;
				SDKROOT = macosx;
			};
			name = Release;
		};
		001AB92B2A10D7FF0056A9CE /* Debug */ = {
			isa = XCBuildConfiguration;
			buildSettings = {
				CODE_SIGN_STYLE = Automatic;
				DEVELOPMENT_TEAM = VD4JPC3R94;
				ENABLE_HARDENED_RUNTIME = YES;
				PRODUCT_NAME = "$(TARGET_NAME)";
			};
			name = Debug;
		};
		001AB92C2A10D7FF0056A9CE /* Release */ = {
			isa = XCBuildConfiguration;
			buildSettings = {
				CODE_SIGN_STYLE = Automatic;
				DEVELOPMENT_TEAM = VD4JPC3R94;
				ENABLE_HARDENED_RUNTIME = YES;
				PRODUCT_NAME = "$(TARGET_NAME)";
			};
			name = Release;
		};
/* End XCBuildConfiguration section */

/* Begin XCConfigurationList section */
		001AB91E2A10D7FF0056A9CE /* Build configuration list for PBXProject "HPC" */ = {
			isa = XCConfigurationList;
			buildConfigurations = (
				001AB9282A10D7FF0056A9CE /* Debug */,
				001AB9292A10D7FF0056A9CE /* Release */,
			);
			defaultConfigurationIsVisible = 0;
			defaultConfigurationName = Release;
		};
		001AB92A2A10D7FF0056A9CE /* Build configuration list for PBXNativeTarget "HPC" */ = {
			isa = XCConfigurationList;
			buildConfigurations = (
				001AB92B2A10D7FF0056A9CE /* Debug */,
				001AB92C2A10D7FF0056A9CE /* Release */,
			);
			defaultConfigurationIsVisible = 0;
			defaultConfigurationName = Release;
		};
/* End XCConfigurationList section */
	};
	rootObject = 001AB91B2A10D7FF0056A9CE /* Project object */;
}
